
Microsoft Visual Studio Solution File, Format Version 12.00
# Visual Studio 15
VisualStudioVersion = 15.0.26124.0
MinimumVisualStudioVersion = 15.0.26124.0
Project("{FAE04EC0-301F-11D3-BF4B-00C04F79EFBC}") = "Application", "Application\Application.csproj", "{43FC186F-B8FB-4D9F-B5E4-D55374A718EB}"
EndProject
Project("{FAE04EC0-301F-11D3-BF4B-00C04F79EFBC}") = "Domain", "Domain\Domain.csproj", "{9E94DB15-ABD6-4CB3-98C6-3A8AD8640183}"
EndProject
Project("{FAE04EC0-301F-11D3-BF4B-00C04F79EFBC}") = "Test", "Test\Test.csproj", "{3B4EEDBC-12B9-4108-846F-778B3D764BD4}"
EndProject
Project("{FAE04EC0-301F-11D3-BF4B-00C04F79EFBC}") = "API", "API\API.csproj", "{88A56036-173C-4E11-B627-C7B32F169FE8}"
EndProject
Project("{FAE04EC0-301F-11D3-BF4B-00C04F79EFBC}") = "Models", "Models\Models.csproj", "{803C9BDD-1332-4BA6-869E-F0688683084E}"
EndProject
Project("{FAE04EC0-301F-11D3-BF4B-00C04F79EFBC}") = "Persistence", "Persistence\Persistence.csproj", "{3B5FAA39-2165-42A0-8C9D-A74886BA888E}"
EndProject
Global
	GlobalSection(SolutionConfigurationPlatforms) = preSolution
		Debug|Any CPU = Debug|Any CPU
		Debug|x64 = Debug|x64
		Debug|x86 = Debug|x86
		Release|Any CPU = Release|Any CPU
		Release|x64 = Release|x64
		Release|x86 = Release|x86
	EndGlobalSection
	GlobalSection(SolutionProperties) = preSolution
		HideSolutionNode = FALSE
	EndGlobalSection
	GlobalSection(ProjectConfigurationPlatforms) = postSolution
		{43FC186F-B8FB-4D9F-B5E4-D55374A718EB}.Debug|Any CPU.ActiveCfg = Debug|Any CPU
		{43FC186F-B8FB-4D9F-B5E4-D55374A718EB}.Debug|Any CPU.Build.0 = Debug|Any CPU
		{43FC186F-B8FB-4D9F-B5E4-D55374A718EB}.Debug|x64.ActiveCfg = Debug|Any CPU
		{43FC186F-B8FB-4D9F-B5E4-D55374A718EB}.Debug|x64.Build.0 = Debug|Any CPU
		{43FC186F-B8FB-4D9F-B5E4-D55374A718EB}.Debug|x86.ActiveCfg = Debug|Any CPU
		{43FC186F-B8FB-4D9F-B5E4-D55374A718EB}.Debug|x86.Build.0 = Debug|Any CPU
		{43FC186F-B8FB-4D9F-B5E4-D55374A718EB}.Release|Any CPU.ActiveCfg = Release|Any CPU
		{43FC186F-B8FB-4D9F-B5E4-D55374A718EB}.Release|Any CPU.Build.0 = Release|Any CPU
		{43FC186F-B8FB-4D9F-B5E4-D55374A718EB}.Release|x64.ActiveCfg = Release|Any CPU
		{43FC186F-B8FB-4D9F-B5E4-D55374A718EB}.Release|x64.Build.0 = Release|Any CPU
		{43FC186F-B8FB-4D9F-B5E4-D55374A718EB}.Release|x86.ActiveCfg = Release|Any CPU
		{43FC186F-B8FB-4D9F-B5E4-D55374A718EB}.Release|x86.Build.0 = Release|Any CPU
		{9E94DB15-ABD6-4CB3-98C6-3A8AD8640183}.Debug|Any CPU.ActiveCfg = Debug|Any CPU
		{9E94DB15-ABD6-4CB3-98C6-3A8AD8640183}.Debug|Any CPU.Build.0 = Debug|Any CPU
		{9E94DB15-ABD6-4CB3-98C6-3A8AD8640183}.Debug|x64.ActiveCfg = Debug|Any CPU
		{9E94DB15-ABD6-4CB3-98C6-3A8AD8640183}.Debug|x64.Build.0 = Debug|Any CPU
		{9E94DB15-ABD6-4CB3-98C6-3A8AD8640183}.Debug|x86.ActiveCfg = Debug|Any CPU
		{9E94DB15-ABD6-4CB3-98C6-3A8AD8640183}.Debug|x86.Build.0 = Debug|Any CPU
		{9E94DB15-ABD6-4CB3-98C6-3A8AD8640183}.Release|Any CPU.ActiveCfg = Release|Any CPU
		{9E94DB15-ABD6-4CB3-98C6-3A8AD8640183}.Release|Any CPU.Build.0 = Release|Any CPU
		{9E94DB15-ABD6-4CB3-98C6-3A8AD8640183}.Release|x64.ActiveCfg = Release|Any CPU
		{9E94DB15-ABD6-4CB3-98C6-3A8AD8640183}.Release|x64.Build.0 = Release|Any CPU
		{9E94DB15-ABD6-4CB3-98C6-3A8AD8640183}.Release|x86.ActiveCfg = Release|Any CPU
		{9E94DB15-ABD6-4CB3-98C6-3A8AD8640183}.Release|x86.Build.0 = Release|Any CPU
		{3B4EEDBC-12B9-4108-846F-778B3D764BD4}.Debug|Any CPU.ActiveCfg = Debug|Any CPU
		{3B4EEDBC-12B9-4108-846F-778B3D764BD4}.Debug|Any CPU.Build.0 = Debug|Any CPU
		{3B4EEDBC-12B9-4108-846F-778B3D764BD4}.Debug|x64.ActiveCfg = Debug|Any CPU
		{3B4EEDBC-12B9-4108-846F-778B3D764BD4}.Debug|x64.Build.0 = Debug|Any CPU
		{3B4EEDBC-12B9-4108-846F-778B3D764BD4}.Debug|x86.ActiveCfg = Debug|Any CPU
		{3B4EEDBC-12B9-4108-846F-778B3D764BD4}.Debug|x86.Build.0 = Debug|Any CPU
		{3B4EEDBC-12B9-4108-846F-778B3D764BD4}.Release|Any CPU.ActiveCfg = Release|Any CPU
		{3B4EEDBC-12B9-4108-846F-778B3D764BD4}.Release|Any CPU.Build.0 = Release|Any CPU
		{3B4EEDBC-12B9-4108-846F-778B3D764BD4}.Release|x64.ActiveCfg = Release|Any CPU
		{3B4EEDBC-12B9-4108-846F-778B3D764BD4}.Release|x64.Build.0 = Release|Any CPU
		{3B4EEDBC-12B9-4108-846F-778B3D764BD4}.Release|x86.ActiveCfg = Release|Any CPU
		{3B4EEDBC-12B9-4108-846F-778B3D764BD4}.Release|x86.Build.0 = Release|Any CPU
		{88A56036-173C-4E11-B627-C7B32F169FE8}.Debug|Any CPU.ActiveCfg = Debug|Any CPU
		{88A56036-173C-4E11-B627-C7B32F169FE8}.Debug|Any CPU.Build.0 = Debug|Any CPU
		{88A56036-173C-4E11-B627-C7B32F169FE8}.Debug|x64.ActiveCfg = Debug|Any CPU
		{88A56036-173C-4E11-B627-C7B32F169FE8}.Debug|x64.Build.0 = Debug|Any CPU
		{88A56036-173C-4E11-B627-C7B32F169FE8}.Debug|x86.ActiveCfg = Debug|Any CPU
		{88A56036-173C-4E11-B627-C7B32F169FE8}.Debug|x86.Build.0 = Debug|Any CPU
		{88A56036-173C-4E11-B627-C7B32F169FE8}.Release|Any CPU.ActiveCfg = Release|Any CPU
		{88A56036-173C-4E11-B627-C7B32F169FE8}.Release|Any CPU.Build.0 = Release|Any CPU
		{88A56036-173C-4E11-B627-C7B32F169FE8}.Release|x64.ActiveCfg = Release|Any CPU
		{88A56036-173C-4E11-B627-C7B32F169FE8}.Release|x64.Build.0 = Release|Any CPU
		{88A56036-173C-4E11-B627-C7B32F169FE8}.Release|x86.ActiveCfg = Release|Any CPU
		{88A56036-173C-4E11-B627-C7B32F169FE8}.Release|x86.Build.0 = Release|Any CPU
		{803C9BDD-1332-4BA6-869E-F0688683084E}.Debug|Any CPU.ActiveCfg = Debug|Any CPU
		{803C9BDD-1332-4BA6-869E-F0688683084E}.Debug|Any CPU.Build.0 = Debug|Any CPU
		{803C9BDD-1332-4BA6-869E-F0688683084E}.Debug|x64.ActiveCfg = Debug|Any CPU
		{803C9BDD-1332-4BA6-869E-F0688683084E}.Debug|x64.Build.0 = Debug|Any CPU
		{803C9BDD-1332-4BA6-869E-F0688683084E}.Debug|x86.ActiveCfg = Debug|Any CPU
		{803C9BDD-1332-4BA6-869E-F0688683084E}.Debug|x86.Build.0 = Debug|Any CPU
		{803C9BDD-1332-4BA6-869E-F0688683084E}.Release|Any CPU.ActiveCfg = Release|Any CPU
		{803C9BDD-1332-4BA6-869E-F0688683084E}.Release|Any CPU.Build.0 = Release|Any CPU
		{803C9BDD-1332-4BA6-869E-F0688683084E}.Release|x64.ActiveCfg = Release|Any CPU
		{803C9BDD-1332-4BA6-869E-F0688683084E}.Release|x64.Build.0 = Release|Any CPU
		{803C9BDD-1332-4BA6-869E-F0688683084E}.Release|x86.ActiveCfg = Release|Any CPU
		{803C9BDD-1332-4BA6-869E-F0688683084E}.Release|x86.Build.0 = Release|Any CPU
		{3B5FAA39-2165-42A0-8C9D-A74886BA888E}.Debug|Any CPU.ActiveCfg = Debug|Any CPU
		{3B5FAA39-2165-42A0-8C9D-A74886BA888E}.Debug|Any CPU.Build.0 = Debug|Any CPU
		{3B5FAA39-2165-42A0-8C9D-A74886BA888E}.Debug|x64.ActiveCfg = Debug|Any CPU
		{3B5FAA39-2165-42A0-8C9D-A74886BA888E}.Debug|x64.Build.0 = Debug|Any CPU
		{3B5FAA39-2165-42A0-8C9D-A74886BA888E}.Debug|x86.ActiveCfg = Debug|Any CPU
		{3B5FAA39-2165-42A0-8C9D-A74886BA888E}.Debug|x86.Build.0 = Debug|Any CPU
		{3B5FAA39-2165-42A0-8C9D-A74886BA888E}.Release|Any CPU.ActiveCfg = Release|Any CPU
		{3B5FAA39-2165-42A0-8C9D-A74886BA888E}.Release|Any CPU.Build.0 = Release|Any CPU
		{3B5FAA39-2165-42A0-8C9D-A74886BA888E}.Release|x64.ActiveCfg = Release|Any CPU
		{3B5FAA39-2165-42A0-8C9D-A74886BA888E}.Release|x64.Build.0 = Release|Any CPU
		{3B5FAA39-2165-42A0-8C9D-A74886BA888E}.Release|x86.ActiveCfg = Release|Any CPU
		{3B5FAA39-2165-42A0-8C9D-A74886BA888E}.Release|x86.Build.0 = Release|Any CPU
	EndGlobalSection
EndGlobal
